// !$*UTF8*$!
{
	archiveVersion = 1;
	classes = {
	};
	objectVersion = 46;
	objects = {

/* Begin PBXBuildFile section */
		76C964B01B584618001D9E78 /* AppDelegate.swift in Sources */ = {isa = PBXBuildFile; fileRef = 76C964AF1B584618001D9E78 /* AppDelegate.swift */; };
		76C964B21B584618001D9E78 /* ViewController.swift in Sources */ = {isa = PBXBuildFile; fileRef = 76C964B11B584618001D9E78 /* ViewController.swift */; };
		76C964B51B584618001D9E78 /* Main.storyboard in Resources */ = {isa = PBXBuildFile; fileRef = 76C964B31B584618001D9E78 /* Main.storyboard */; };
		76C964B71B584618001D9E78 /* Images.xcassets in Resources */ = {isa = PBXBuildFile; fileRef = 76C964B61B584618001D9E78 /* Images.xcassets */; };
		76C964BA1B584618001D9E78 /* LaunchScreen.xib in Resources */ = {isa = PBXBuildFile; fileRef = 76C964B81B584618001D9E78 /* LaunchScreen.xib */; };
		76C964C61B584618001D9E78 /* ParkMillerRandomTests.swift in Sources */ = {isa = PBXBuildFile; fileRef = 76C964C51B584618001D9E78 /* ParkMillerRandomTests.swift */; };
		76C964D11B584645001D9E78 /* ParkMillerRandom.swift in Sources */ = {isa = PBXBuildFile; fileRef = 76C964D01B584645001D9E78 /* ParkMillerRandom.swift */; };
		76C964D41B584EB5001D9E78 /* LICENSE in Resources */ = {isa = PBXBuildFile; fileRef = 76C964D21B584EB5001D9E78 /* LICENSE */; };
		76C964D51B584EB5001D9E78 /* README.md in Sources */ = {isa = PBXBuildFile; fileRef = 76C964D31B584EB5001D9E78 /* README.md */; };
/* End PBXBuildFile section */

/* Begin PBXContainerItemProxy section */
		76C964C01B584618001D9E78 /* PBXContainerItemProxy */ = {
			isa = PBXContainerItemProxy;
			containerPortal = 76C964A21B584618001D9E78 /* Project object */;
			proxyType = 1;
			remoteGlobalIDString = 76C964A91B584618001D9E78;
			remoteInfo = ParkMillerRandom;
		};
/* End PBXContainerItemProxy section */

/* Begin PBXFileReference section */
		76C964AA1B584618001D9E78 /* ParkMillerRandom.app */ = {isa = PBXFileReference; explicitFileType = wrapper.application; includeInIndex = 0; path = ParkMillerRandom.app; sourceTree = BUILT_PRODUCTS_DIR; };
		76C964AE1B584618001D9E78 /* Info.plist */ = {isa = PBXFileReference; lastKnownFileType = text.plist.xml; path = Info.plist; sourceTree = "<group>"; };
		76C964AF1B584618001D9E78 /* AppDelegate.swift */ = {isa = PBXFileReference; lastKnownFileType = sourcecode.swift; path = AppDelegate.swift; sourceTree = "<group>"; };
		76C964B11B584618001D9E78 /* ViewController.swift */ = {isa = PBXFileReference; lastKnownFileType = sourcecode.swift; path = ViewController.swift; sourceTree = "<group>"; };
		76C964B41B584618001D9E78 /* Base */ = {isa = PBXFileReference; lastKnownFileType = file.storyboard; name = Base; path = Base.lproj/Main.storyboard; sourceTree = "<group>"; };
		76C964B61B584618001D9E78 /* Images.xcassets */ = {isa = PBXFileReference; lastKnownFileType = folder.assetcatalog; path = Images.xcassets; sourceTree = "<group>"; };
		76C964B91B584618001D9E78 /* Base */ = {isa = PBXFileReference; lastKnownFileType = file.xib; name = Base; path = Base.lproj/LaunchScreen.xib; sourceTree = "<group>"; };
		76C964BF1B584618001D9E78 /* ParkMillerRandomTests.xctest */ = {isa = PBXFileReference; explicitFileType = wrapper.cfbundle; includeInIndex = 0; path = ParkMillerRandomTests.xctest; sourceTree = BUILT_PRODUCTS_DIR; };
		76C964C41B584618001D9E78 /* Info.plist */ = {isa = PBXFileReference; lastKnownFileType = text.plist.xml; path = Info.plist; sourceTree = "<group>"; };
		76C964C51B584618001D9E78 /* ParkMillerRandomTests.swift */ = {isa = PBXFileReference; lastKnownFileType = sourcecode.swift; path = ParkMillerRandomTests.swift; sourceTree = "<group>"; };
		76C964D01B584645001D9E78 /* ParkMillerRandom.swift */ = {isa = PBXFileReference; fileEncoding = 4; lastKnownFileType = sourcecode.swift; path = ParkMillerRandom.swift; sourceTree = "<group>"; };
		76C964D21B584EB5001D9E78 /* LICENSE */ = {isa = PBXFileReference; fileEncoding = 4; lastKnownFileType = text; path = LICENSE; sourceTree = SOURCE_ROOT; };
		76C964D31B584EB5001D9E78 /* README.md */ = {isa = PBXFileReference; fileEncoding = 4; lastKnownFileType = net.daringfireball.markdown; path = README.md; sourceTree = SOURCE_ROOT; };
/* End PBXFileReference section */

/* Begin PBXFrameworksBuildPhase section */
		76C964A71B584618001D9E78 /* Frameworks */ = {
			isa = PBXFrameworksBuildPhase;
			buildActionMask = 2147483647;
			files = (
			);
			runOnlyForDeploymentPostprocessing = 0;
		};
		76C964BC1B584618001D9E78 /* Frameworks */ = {
			isa = PBXFrameworksBuildPhase;
			buildActionMask = 2147483647;
			files = (
			);
			runOnlyForDeploymentPostprocessing = 0;
		};
/* End PBXFrameworksBuildPhase section */

/* Begin PBXGroup section */
		76C964A11B584618001D9E78 = {
			isa = PBXGroup;
			children = (
				76C964AC1B584618001D9E78 /* ParkMillerRandom */,
				76C964C21B584618001D9E78 /* ParkMillerRandomTests */,
				76C964AB1B584618001D9E78 /* Products */,
			);
			sourceTree = "<group>";
		};
		76C964AB1B584618001D9E78 /* Products */ = {
			isa = PBXGroup;
			children = (
				76C964AA1B584618001D9E78 /* ParkMillerRandom.app */,
				76C964BF1B584618001D9E78 /* ParkMillerRandomTests.xctest */,
			);
			name = Products;
			sourceTree = "<group>";
		};
		76C964AC1B584618001D9E78 /* ParkMillerRandom */ = {
			isa = PBXGroup;
			children = (
				76C964CF1B58462C001D9E78 /* Classes */,
				76C964AF1B584618001D9E78 /* AppDelegate.swift */,
				76C964B11B584618001D9E78 /* ViewController.swift */,
				76C964B31B584618001D9E78 /* Main.storyboard */,
				76C964B61B584618001D9E78 /* Images.xcassets */,
				76C964B81B584618001D9E78 /* LaunchScreen.xib */,
				76C964AD1B584618001D9E78 /* Supporting Files */,
			);
			path = ParkMillerRandom;
			sourceTree = "<group>";
		};
		76C964AD1B584618001D9E78 /* Supporting Files */ = {
			isa = PBXGroup;
			children = (
				76C964D21B584EB5001D9E78 /* LICENSE */,
				76C964D31B584EB5001D9E78 /* README.md */,
				76C964AE1B584618001D9E78 /* Info.plist */,
			);
			name = "Supporting Files";
			sourceTree = "<group>";
		};
		76C964C21B584618001D9E78 /* ParkMillerRandomTests */ = {
			isa = PBXGroup;
			children = (
				76C964C51B584618001D9E78 /* ParkMillerRandomTests.swift */,
				76C964C31B584618001D9E78 /* Supporting Files */,
			);
			path = ParkMillerRandomTests;
			sourceTree = "<group>";
		};
		76C964C31B584618001D9E78 /* Supporting Files */ = {
			isa = PBXGroup;
			children = (
				76C964C41B584618001D9E78 /* Info.plist */,
			);
			name = "Supporting Files";
			sourceTree = "<group>";
		};
		76C964CF1B58462C001D9E78 /* Classes */ = {
			isa = PBXGroup;
			children = (
				76C964D01B584645001D9E78 /* ParkMillerRandom.swift */,
			);
			path = Classes;
			sourceTree = "<group>";
		};
/* End PBXGroup section */

/* Begin PBXNativeTarget section */
		76C964A91B584618001D9E78 /* ParkMillerRandom */ = {
			isa = PBXNativeTarget;
			buildConfigurationList = 76C964C91B584618001D9E78 /* Build configuration list for PBXNativeTarget "ParkMillerRandom" */;
			buildPhases = (
				76C964A61B584618001D9E78 /* Sources */,
				76C964A71B584618001D9E78 /* Frameworks */,
				76C964A81B584618001D9E78 /* Resources */,
			);
			buildRules = (
			);
			dependencies = (
			);
			name = ParkMillerRandom;
			productName = ParkMillerRandom;
			productReference = 76C964AA1B584618001D9E78 /* ParkMillerRandom.app */;
			productType = "com.apple.product-type.application";
		};
		76C964BE1B584618001D9E78 /* ParkMillerRandomTests */ = {
			isa = PBXNativeTarget;
			buildConfigurationList = 76C964CC1B584618001D9E78 /* Build configuration list for PBXNativeTarget "ParkMillerRandomTests" */;
			buildPhases = (
				76C964BB1B584618001D9E78 /* Sources */,
				76C964BC1B584618001D9E78 /* Frameworks */,
				76C964BD1B584618001D9E78 /* Resources */,
			);
			buildRules = (
			);
			dependencies = (
				76C964C11B584618001D9E78 /* PBXTargetDependency */,
			);
			name = ParkMillerRandomTests;
			productName = ParkMillerRandomTests;
			productReference = 76C964BF1B584618001D9E78 /* ParkMillerRandomTests.xctest */;
			productType = "com.apple.product-type.bundle.unit-test";
		};
/* End PBXNativeTarget section */

/* Begin PBXProject section */
		76C964A21B584618001D9E78 /* Project object */ = {
			isa = PBXProject;
			attributes = {
				LastSwiftMigration = 0710;
				LastSwiftUpdateCheck = 0710;
				LastUpgradeCheck = 0700;
				ORGANIZATIONNAME = "Fredrik Sjoberg";
				TargetAttributes = {
					76C964A91B584618001D9E78 = {
						CreatedOnToolsVersion = 6.3.2;
					};
					76C964BE1B584618001D9E78 = {
						CreatedOnToolsVersion = 6.3.2;
						TestTargetID = 76C964A91B584618001D9E78;
					};
				};
			};
			buildConfigurationList = 76C964A51B584618001D9E78 /* Build configuration list for PBXProject "ParkMillerRandom" */;
			compatibilityVersion = "Xcode 3.2";
			developmentRegion = English;
			hasScannedForEncodings = 0;
			knownRegions = (
				en,
				Base,
			);
			mainGroup = 76C964A11B584618001D9E78;
			productRefGroup = 76C964AB1B584618001D9E78 /* Products */;
			projectDirPath = "";
			projectRoot = "";
			targets = (
				76C964A91B584618001D9E78 /* ParkMillerRandom */,
				76C964BE1B584618001D9E78 /* ParkMillerRandomTests */,
			);
		};
/* End PBXProject section */

/* Begin PBXResourcesBuildPhase section */
		76C964A81B584618001D9E78 /* Resources */ = {
			isa = PBXResourcesBuildPhase;
			buildActionMask = 2147483647;
			files = (
				76C964B51B584618001D9E78 /* Main.storyboard in Resources */,
				76C964BA1B584618001D9E78 /* LaunchScreen.xib in Resources */,
				76C964D41B584EB5001D9E78 /* LICENSE in Resources */,
				76C964B71B584618001D9E78 /* Images.xcassets in Resources */,
			);
			runOnlyForDeploymentPostprocessing = 0;
		};
		76C964BD1B584618001D9E78 /* Resources */ = {
			isa = PBXResourcesBuildPhase;
			buildActionMask = 2147483647;
			files = (
			);
			runOnlyForDeploymentPostprocessing = 0;
		};
/* End PBXResourcesBuildPhase section */

/* Begin PBXSourcesBuildPhase section */
		76C964A61B584618001D9E78 /* Sources */ = {
			isa = PBXSourcesBuildPhase;
			buildActionMask = 2147483647;
			files = (
				76C964B21B584618001D9E78 /* ViewController.swift in Sources */,
				76C964B01B584618001D9E78 /* AppDelegate.swift in Sources */,
				76C964D51B584EB5001D9E78 /* README.md in Sources */,
				76C964D11B584645001D9E78 /* ParkMillerRandom.swift in Sources */,
			);
			runOnlyForDeploymentPostprocessing = 0;
		};
		76C964BB1B584618001D9E78 /* Sources */ = {
			isa = PBXSourcesBuildPhase;
			buildActionMask = 2147483647;
			files = (
				76C964C61B584618001D9E78 /* ParkMillerRandomTests.swift in Sources */,
			);
			runOnlyForDeploymentPostprocessing = 0;
		};
/* End PBXSourcesBuildPhase section */

/* Begin PBXTargetDependency section */
		76C964C11B584618001D9E78 /* PBXTargetDependency */ = {
			isa = PBXTargetDependency;
			target = 76C964A91B584618001D9E78 /* ParkMillerRandom */;
			targetProxy = 76C964C01B584618001D9E78 /* PBXContainerItemProxy */;
		};
/* End PBXTargetDependency section */

/* Begin PBXVariantGroup section */
		76C964B31B584618001D9E78 /* Main.storyboard */ = {
			isa = PBXVariantGroup;
			children = (
				76C964B41B584618001D9E78 /* Base */,
			);
			name = Main.storyboard;
			sourceTree = "<group>";
		};
		76C964B81B584618001D9E78 /* LaunchScreen.xib */ = {
			isa = PBXVariantGroup;
			children = (
				76C964B91B584618001D9E78 /* Base */,
			);
			name = LaunchScreen.xib;
			sourceTree = "<group>";
		};
/* End PBXVariantGroup section */

/* Begin XCBuildConfiguration section */
		76C964C71B584618001D9E78 /* Debug */ = {
			isa = XCBuildConfiguration;
			buildSettings = {
				ALWAYS_SEARCH_USER_PATHS = NO;
				CLANG_CXX_LANGUAGE_STANDARD = "gnu++0x";
				CLANG_CXX_LIBRARY = "libc++";
				CLANG_ENABLE_MODULES = YES;
				CLANG_ENABLE_OBJC_ARC = YES;
				CLANG_WARN_BOOL_CONVERSION = YES;
				CLANG_WARN_CONSTANT_CONVERSION = YES;
				CLANG_WARN_DIRECT_OBJC_ISA_USAGE = YES_ERROR;
				CLANG_WARN_EMPTY_BODY = YES;
				CLANG_WARN_ENUM_CONVERSION = YES;
				CLANG_WARN_INT_CONVERSION = YES;
				CLANG_WARN_OBJC_ROOT_CLASS = YES_ERROR;
				CLANG_WARN_UNREACHABLE_CODE = YES;
				CLANG_WARN__DUPLICATE_METHOD_MATCH = YES;
				"CODE_SIGN_IDENTITY[sdk=iphoneos*]" = "iPhone Developer";
				COPY_PHASE_STRIP = NO;
				DEBUG_INFORMATION_FORMAT = "dwarf-with-dsym";
				ENABLE_STRICT_OBJC_MSGSEND = YES;
				ENABLE_TESTABILITY = YES;
				GCC_C_LANGUAGE_STANDARD = gnu99;
				GCC_DYNAMIC_NO_PIC = NO;
				GCC_NO_COMMON_BLOCKS = YES;
				GCC_OPTIMIZATION_LEVEL = 0;
				GCC_PREPROCESSOR_DEFINITIONS = (
					"DEBUG=1",
					"$(inherited)",
				);
				GCC_SYMBOLS_PRIVATE_EXTERN = NO;
				GCC_WARN_64_TO_32_BIT_CONVERSION = YES;
				GCC_WARN_ABOUT_RETURN_TYPE = YES_ERROR;
				GCC_WARN_UNDECLARED_SELECTOR = YES;
				GCC_WARN_UNINITIALIZED_AUTOS = YES_AGGRESSIVE;
				GCC_WARN_UNUSED_FUNCTION = YES;
				GCC_WARN_UNUSED_VARIABLE = YES;
				IPHONEOS_DEPLOYMENT_TARGET = 8.3;
				MTL_ENABLE_DEBUG_INFO = YES;
				ONLY_ACTIVE_ARCH = YES;
				SDKROOT = iphoneos;
				SWIFT_OPTIMIZATION_LEVEL = "-Onone";
				TARGETED_DEVICE_FAMILY = "1,2";
			};
			name = Debug;
		};
		76C964C81B584618001D9E78 /* Release */ = {
			isa = XCBuildConfiguration;
			buildSettings = {
				ALWAYS_SEARCH_USER_PATHS = NO;
				CLANG_CXX_LANGUAGE_STANDARD = "gnu++0x";
				CLANG_CXX_LIBRARY = "libc++";
				CLANG_ENABLE_MODULES = YES;
				CLANG_ENABLE_OBJC_ARC = YES;
				CLANG_WARN_BOOL_CONVERSION = YES;
				CLANG_WARN_CONSTANT_CONVERSION = YES;
				CLANG_WARN_DIRECT_OBJC_ISA_USAGE = YES_ERROR;
				CLANG_WARN_EMPTY_BODY = YES;
				CLANG_WARN_ENUM_CONVERSION = YES;
				CLANG_WARN_INT_CONVERSION = YES;
				CLANG_WARN_OBJC_ROOT_CLASS = YES_ERROR;
				CLANG_WARN_UNREACHABLE_CODE = YES;
				CLANG_WARN__DUPLICATE_METHOD_MATCH = YES;
				"CODE_SIGN_IDENTITY[sdk=iphoneos*]" = "iPhone Developer";
				COPY_PHASE_STRIP = NO;
				DEBUG_INFORMATION_FORMAT = "dwarf-with-dsym";
				ENABLE_NS_ASSERTIONS = NO;
				ENABLE_STRICT_OBJC_MSGSEND = YES;
				GCC_C_LANGUAGE_STANDARD = gnu99;
				GCC_NO_COMMON_BLOCKS = YES;
				GCC_WARN_64_TO_32_BIT_CONVERSION = YES;
				GCC_WARN_ABOUT_RETURN_TYPE = YES_ERROR;
				GCC_WARN_UNDECLARED_SELECTOR = YES;
				GCC_WARN_UNINITIALIZED_AUTOS = YES_AGGRESSIVE;
				GCC_WARN_UNUSED_FUNCTION = YES;
				GCC_WARN_UNUSED_VARIABLE = YES;
				IPHONEOS_DEPLOYMENT_TARGET = 8.3;
				MTL_ENABLE_DEBUG_INFO = NO;
				SDKROOT = iphoneos;
				TARGETED_DEVICE_FAMILY = "1,2";
				VALIDATE_PRODUCT = YES;
			};
			name = Release;
		};
		76C964CA1B584618001D9E78 /* Debug */ = {
			isa = XCBuildConfiguration;
			buildSettings = {
				ASSETCATALOG_COMPILER_APPICON_NAME = AppIcon;
				INFOPLIST_FILE = ParkMillerRandom/Info.plist;
				IPHONEOS_DEPLOYMENT_TARGET = 9.0;
				LD_RUNPATH_SEARCH_PATHS = "$(inherited) @executable_path/Frameworks";
				PRODUCT_BUNDLE_IDENTIFIER = "com.FredrikSjoberg.$(PRODUCT_NAME:rfc1034identifier)";
				PRODUCT_NAME = "$(TARGET_NAME)";
			};
			name = Debug;
		};
		76C964CB1B584618001D9E78 /* Release */ = {
			isa = XCBuildConfiguration;
			buildSettings = {
				ASSETCATALOG_COMPILER_APPICON_NAME = AppIcon;
				INFOPLIST_FILE = ParkMillerRandom/Info.plist;
				IPHONEOS_DEPLOYMENT_TARGET = 9.0;
				LD_RUNPATH_SEARCH_PATHS = "$(inherited) @executable_path/Frameworks";
				PRODUCT_BUNDLE_IDENTIFIER = "com.FredrikSjoberg.$(PRODUCT_NAME:rfc1034identifier)";
				PRODUCT_NAME = "$(TARGET_NAME)";
			};
			name = Release;
		};
		76C964CD1B584618001D9E78 /* Debug */ = {
			isa = XCBuildConfiguration;
			buildSettings = {
				BUNDLE_LOADER = "$(TEST_HOST)";
				FRAMEWORK_SEARCH_PATHS = (
					"$(SDKROOT)/Developer/Library/Frameworks",
					"$(inherited)",
				);
				GCC_PREPROCESSOR_DEFINITIONS = (
					"DEBUG=1",
					"$(inherited)",
				);
				INFOPLIST_FILE = ParkMillerRandomTests/Info.plist;
				LD_RUNPATH_SEARCH_PATHS = "$(inherited) @executable_path/Frameworks @loader_path/Frameworks";
				PRODUCT_BUNDLE_IDENTIFIER = "com.FredrikSjoberg.$(PRODUCT_NAME:rfc1034identifier)";
				PRODUCT_NAME = "$(TARGET_NAME)";
				TEST_HOST = "$(BUILT_PRODUCTS_DIR)/ParkMillerRandom.app/ParkMillerRandom";
			};
			name = Debug;
		};
		76C964CE1B584618001D9E78 /* Release */ = {
			isa = XCBuildConfiguration;
			buildSettings = {
				BUNDLE_LOADER = "$(TEST_HOST)";
				FRAMEWORK_SEARCH_PATHS = (
					"$(SDKROOT)/Developer/Library/Frameworks",
					"$(inherited)",
				);
				INFOPLIST_FILE = ParkMillerRandomTests/Info.plist;
				LD_RUNPATH_SEARCH_PATHS = "$(inherited) @executable_path/Frameworks @loader_path/Frameworks";
				PRODUCT_BUNDLE_IDENTIFIER = "com.FredrikSjoberg.$(PRODUCT_NAME:rfc1034identifier)";
				PRODUCT_NAME = "$(TARGET_NAME)";
				TEST_HOST = "$(BUILT_PRODUCTS_DIR)/ParkMillerRandom.app/ParkMillerRandom";
			};
			name = Release;
		};
/* End XCBuildConfiguration section */

/* Begin XCConfigurationList section */
		76C964A51B584618001D9E78 /* Build configuration list for PBXProject "ParkMillerRandom" */ = {
			isa = XCConfigurationList;
			buildConfigurations = (
				76C964C71B584618001D9E78 /* Debug */,
				76C964C81B584618001D9E78 /* Release */,
			);
			defaultConfigurationIsVisible = 0;
			defaultConfigurationName = Release;
		};
		76C964C91B584618001D9E78 /* Build configuration list for PBXNativeTarget "ParkMillerRandom" */ = {
			isa = XCConfigurationList;
			buildConfigurations = (
				76C964CA1B584618001D9E78 /* Debug */,
				76C964CB1B584618001D9E78 /* Release */,
			);
			defaultConfigurationIsVisible = 0;
			defaultConfigurationName = Release;
		};
		76C964CC1B584618001D9E78 /* Build configuration list for PBXNativeTarget "ParkMillerRandomTests" */ = {
			isa = XCConfigurationList;
			buildConfigurations = (
				76C964CD1B584618001D9E78 /* Debug */,
				76C964CE1B584618001D9E78 /* Release */,
			);
			defaultConfigurationIsVisible = 0;
			defaultConfigurationName = Release;
		};
/* End XCConfigurationList section */
	};
	rootObject = 76C964A21B584618001D9E78 /* Project object */;
}
